
Microsoft Visual Studio Solution File, Format Version 12.00
# Visual Studio Version 17
VisualStudioVersion = 17.5.33530.505
MinimumVisualStudioVersion = 10.0.40219.1
Project("{FAE04EC0-301F-11D3-BF4B-00C04F79EFBC}") = "Projrct1", "Projrct1\Projrct1.csproj", "{8BF773E1-ACF1-48D8-86F8-004D6A648126}"
EndProject
Global
	GlobalSection(SolutionConfigurationPlatforms) = preSolution
		Debug|Any CPU = Debug|Any CPU
		Release|Any CPU = Release|Any CPU
	EndGlobalSection
	GlobalSection(ProjectConfigurationPlatforms) = postSolution
		{8BF773E1-ACF1-48D8-86F8-004D6A648126}.Debug|Any CPU.ActiveCfg = Debug|Any CPU
		{8BF773E1-ACF1-48D8-86F8-004D6A648126}.Debug|Any CPU.Build.0 = Debug|Any CPU
		{8BF773E1-ACF1-48D8-86F8-004D6A648126}.Release|Any CPU.ActiveCfg = Release|Any CPU
		{8BF773E1-ACF1-48D8-86F8-004D6A648126}.Release|Any CPU.Build.0 = Release|Any CPU
	EndGlobalSection
	GlobalSection(SolutionProperties) = preSolution
		HideSolutionNode = FALSE
	EndGlobalSection
	GlobalSection(ExtensibilityGlobals) = postSolution
		SolutionGuid = {D7753647-5A95-4066-AAFE-A8C37E9A4092}
	EndGlobalSection
EndGlobal
